Microsoft Visual Studio Solution File, Format Version 12.00
# Visual Studio 2012
Project("{FAE04EC0-301F-11D3-BF4B-00C04F79EFBC}") = "CSharpPong", "CSharpPong.csproj", "{99F3F87B-1ADE-47A4-83C8-D51AC9A72337}"
EndProject
Global
	GlobalSection(SolutionConfigurationPlatforms) = preSolution
	Debug|Any CPU = Debug|Any CPU
	ExportDebug|Any CPU = ExportDebug|Any CPU
	ExportRelease|Any CPU = ExportRelease|Any CPU
	EndGlobalSection
	GlobalSection(ProjectConfigurationPlatforms) = postSolution
		{99F3F87B-1ADE-47A4-83C8-D51AC9A72337}.Debug|Any CPU.ActiveCfg = Debug|Any CPU
		{99F3F87B-1ADE-47A4-83C8-D51AC9A72337}.Debug|Any CPU.Build.0 = Debug|Any CPU
		{99F3F87B-1ADE-47A4-83C8-D51AC9A72337}.ExportDebug|Any CPU.ActiveCfg = ExportDebug|Any CPU
		{99F3F87B-1ADE-47A4-83C8-D51AC9A72337}.ExportDebug|Any CPU.Build.0 = ExportDebug|Any CPU
		{99F3F87B-1ADE-47A4-83C8-D51AC9A72337}.ExportRelease|Any CPU.ActiveCfg = ExportRelease|Any CPU
		{99F3F87B-1ADE-47A4-83C8-D51AC9A72337}.ExportRelease|Any CPU.Build.0 = ExportRelease|Any CPU
	EndGlobalSection
EndGlobal
